{
  "nodes": {
    "flake-utils": {
      "inputs": {
        "systems": "systems"
      },
      "locked": {
        "lastModified": 1731533236,
        "narHash": "sha256-l0KFg5HjrsfsO/JpG+r7fRrqm12kzFHyUHqHCVpMMbI=",
        "owner": "numtide",
        "repo": "flake-utils",
        "rev": "11707dc2f618dd54ca8739b309ec4fc024de578b",
        "type": "github"
      },
      "original": {
        "owner": "numtide",
        "repo": "flake-utils",
        "type": "github"
      }
    },
    "flake-utils_2": {
      "inputs": {
        "systems": "systems_2"
      },
      "locked": {
        "lastModified": 1731533236,
        "narHash": "sha256-l0KFg5HjrsfsO/JpG+r7fRrqm12kzFHyUHqHCVpMMbI=",
        "owner": "numtide",
        "repo": "flake-utils",
        "rev": "11707dc2f618dd54ca8739b309ec4fc024de578b",
        "type": "github"
      },
      "original": {
        "owner": "numtide",
        "repo": "flake-utils",
        "type": "github"
      }
    },
    "himmelblau": {
      "inputs": {
        "flake-utils": "flake-utils",
        "nixpkgs": [
          "nixpkgs"
        ],
        "rust-overlay": "rust-overlay"
      },
      "locked": {
        "lastModified": 1764780216,
        "narHash": "sha256-4zNV9qx40LU6WI1uZlp2fNrvTKDBnUSVbh7GnCaGsZE=",
        "owner": "himmelblau-idm",
        "repo": "himmelblau",
        "rev": "198ef91d808997419ff1e3900f4da3478a67c85f",
        "type": "github"
      },
      "original": {
        "owner": "himmelblau-idm",
        "ref": "stable-2.x",
        "repo": "himmelblau",
        "type": "github"
      }
    },
    "mdatp": {
      "inputs": {
        "flake-utils": "flake-utils_2",
        "nixpkgs": [
          "nixpkgs"
        ]
      },
      "locked": {
        "lastModified": 1764633616,
        "narHash": "sha256-ldulT/iY/TjXEWqoms1rWjBVdkEKVhW7ozD/BLkDHd0=",
        "owner": "NitorCreations",
        "repo": "nix-mdatp",
        "rev": "59294b9655a6d6c7b24acb9e1af6cc835daeecb2",
        "type": "github"
      },
      "original": {
        "owner": "NitorCreations",
        "repo": "nix-mdatp",
        "type": "github"
      }
    },
    "nixos-hardware": {
      "locked": {
        "lastModified": 1764440730,
        "narHash": "sha256-ZlJTNLUKQRANlLDomuRWLBCH5792x+6XUJ4YdFRjtO4=",
        "owner": "NixOS",
        "repo": "nixos-hardware",
        "rev": "9154f4569b6cdfd3c595851a6ba51bfaa472d9f3",
        "type": "github"
      },
      "original": {
        "owner": "NixOS",
        "ref": "master",
        "repo": "nixos-hardware",
        "type": "github"
      }
    },
    "nixpkgs": {
      "locked": {
        "lastModified": 1764173365,
        "narHash": "sha256-JaNFPy3nywPNxSDpEgFFqvngQww5Igb6twG4NhMo8oc=",
        "owner": "nixos",
        "repo": "nixpkgs",
        "rev": "2fecba9952096ba043c16b9ef40b92851ff3e5d9",
        "type": "github"
      },
      "original": {
        "owner": "nixos",
        "ref": "nixos-25.11",
        "repo": "nixpkgs",
        "type": "github"
      }
    },
    "root": {
      "inputs": {
        "himmelblau": "himmelblau",
        "mdatp": "mdatp",
        "nixos-hardware": "nixos-hardware",
        "nixpkgs": "nixpkgs",
        "zen-browser": "zen-browser"
      }
    },
    "rust-overlay": {
      "inputs": {
        "nixpkgs": [
          "himmelblau",
          "nixpkgs"
        ]
      },
      "locked": {
        "lastModified": 1759977258,
        "narHash": "sha256-hOxEFSEBoqDmJb7BGX1CzT1gvUPK6r+Qs+n3IxBgfTs=",
        "owner": "oxalica",
        "repo": "rust-overlay",
        "rev": "1d0c6173f57d07db7957b50e799240d4f2d7520f",
        "type": "github"
      },
      "original": {
        "owner": "oxalica",
        "repo": "rust-overlay",
        "type": "github"
      }
    },
    "systems": {
      "locked": {
        "lastModified": 1681028828,
        "narHash": "sha256-Vy1rq5AaRuLzOxct8nz4T6wlgyUR7zLU309k9mBC768=",
        "owner": "nix-systems",
        "repo": "default",
        "rev": "da67096a3b9bf56a91d16901293e51ba5b49a27e",
        "type": "github"
      },
      "original": {
        "owner": "nix-systems",
        "repo": "default",
        "type": "github"
      }
    },
    "systems_2": {
      "locked": {
        "lastModified": 1681028828,
        "narHash": "sha256-Vy1rq5AaRuLzOxct8nz4T6wlgyUR7zLU309k9mBC768=",
        "owner": "nix-systems",
        "repo": "default",
        "rev": "da67096a3b9bf56a91d16901293e51ba5b49a27e",
        "type": "github"
      },
      "original": {
        "owner": "nix-systems",
        "repo": "default",
        "type": "github"
      }
    },
    "zen-browser": {
      "inputs": {
        "nixpkgs": [
          "nixpkgs"
        ]
      },
      "locked": {
        "lastModified": 1764216441,
        "narHash": "sha256-wvxWNSm19K5zSmTkQNkYwxMBZXOuZCbA45jiT1R9myU=",
        "owner": "youwen5",
        "repo": "zen-browser-flake",
        "rev": "d620f0b8fac4e9b6ee2369fca071f4ea854399f6",
        "type": "github"
      },
      "original": {
        "owner": "youwen5",
        "repo": "zen-browser-flake",
        "type": "github"
      }
    }
  },
  "root": "root",
  "version": 7
}
